
Microsoft Visual Studio Solution File, Format Version 12.00
# Visual Studio Version 17
VisualStudioVersion = 17.13.35919.96 d17.13
MinimumVisualStudioVersion = 10.0.40219.1
Project("{FAE04EC0-301F-11D3-BF4B-00C04F79EFBC}") = "DSA practice", "DSA practice\DSA practice.csproj", "{DF2C5486-95B0-4C83-A09B-0AFCDCCE08E0}"
EndProject
Global
	GlobalSection(SolutionConfigurationPlatforms) = preSolution
		Debug|Any CPU = Debug|Any CPU
		Release|Any CPU = Release|Any CPU
	EndGlobalSection
	GlobalSection(ProjectConfigurationPlatforms) = postSolution
		{DF2C5486-95B0-4C83-A09B-0AFCDCCE08E0}.Debug|Any CPU.ActiveCfg = Debug|Any CPU
		{DF2C5486-95B0-4C83-A09B-0AFCDCCE08E0}.Debug|Any CPU.Build.0 = Debug|Any CPU
		{DF2C5486-95B0-4C83-A09B-0AFCDCCE08E0}.Release|Any CPU.ActiveCfg = Release|Any CPU
		{DF2C5486-95B0-4C83-A09B-0AFCDCCE08E0}.Release|Any CPU.Build.0 = Release|Any CPU
	EndGlobalSection
	GlobalSection(SolutionProperties) = preSolution
		HideSolutionNode = FALSE
	EndGlobalSection
	GlobalSection(ExtensibilityGlobals) = postSolution
		SolutionGuid = {208EA9A9-B03E-48B4-B7A4-C04B2E101E31}
	EndGlobalSection
EndGlobal
